<?xml version="1.0" encoding="utf-8"?>
<Project ToolsVersion="4.0" xmlns="http://schemas.microsoft.com/developer/msbuild/2003">
  <ItemGroup>
    <Filter Include="Resource Files">
      <UniqueIdentifier>{67DA6AB6-F800-4c08-8B7A-83BB121AAD01}</UniqueIdentifier>
      <Extensions>rc;ico;cur;bmp;dlg;rc2;rct;bin;rgs;gif;jpg;jpeg;jpe;resx;tiff;tif;png;wav;mfcribbon-ms</Extensions>
    </Filter>
    <Filter Include="Source Files">
      <UniqueIdentifier>{5b8bec0c-f277-45d9-a016-ff2ef942ef4b}</UniqueIdentifier>
    </Filter>
    <Filter Include="Header Files">
      <UniqueIdentifier>{8434925e-7823-4201-999f-3559203189d3}</UniqueIdentifier>
    </Filter>
    <Filter Include="Header Files\Map">
      <UniqueIdentifier>{6bfb84b5-7365-417d-a539-0015047ae2ae}</UniqueIdentifier>
    </Filter>
    <Filter Include="Source Files\Map">
      <UniqueIdentifier>{b58d37ff-d35e-483c-b70a-e737e480b5ca}</UniqueIdentifier>
    </Filter>
    <Filter Include="Source Files\Map Loader">
      <UniqueIdentifier>{da636e9c-d141-4ac6-bdda-1a975d7e2cf8}</UniqueIdentifier>
    </Filter>
    <Filter Include="Header Files\Map Loader">
      <UniqueIdentifier>{31ad734d-2cd8-4634-9f64-57c41475e915}</UniqueIdentifier>
    </Filter>
    <Filter Include="Source Files\Player">
      <UniqueIdentifier>{91813187-5ef4-4f78-9765-6cf1711bbaaf}</UniqueIdentifier>
    </Filter>
    <Filter Include="Header Files\Player">
      <UniqueIdentifier>{1f427e41-48f8-4431-9ecd-f77a33df98bf}</UniqueIdentifier>
    </Filter>
  </ItemGroup>
  <ItemGroup>
    <ClCompile Include="Game.cpp" />
    <ClCompile Include="GameConstants.cpp" />
    <ClCompile Include="Continent.cpp">
      <Filter>Source Files\Map</Filter>
    </ClCompile>
    <ClCompile Include="Country.cpp">
      <Filter>Source Files\Map</Filter>
    </ClCompile>
    <ClCompile Include="MapLoader.cpp">
      <Filter>Source Files\Map Loader</Filter>
    </ClCompile>
    <ClCompile Include="Player.cpp">
      <Filter>Source Files\Player</Filter>
    </ClCompile>
    <ClCompile Include="Map.cpp">
      <Filter>Source Files\Map</Filter>
    </ClCompile>
  </ItemGroup>
  <ItemGroup>
    <ClInclude Include="Game.h" />
    <ClInclude Include="GameConstants.h" />
    <ClInclude Include="Continent.h">
      <Filter>Header Files\Map</Filter>
    </ClInclude>
    <ClInclude Include="Country.h">
      <Filter>Header Files\Map</Filter>
    </ClInclude>
    <ClInclude Include="MapLoader.h">
      <Filter>Header Files\Map Loader</Filter>
    </ClInclude>
    <ClInclude Include="Player.h">
      <Filter>Header Files\Player</Filter>
    </ClInclude>
    <ClInclude Include="Map.h">
      <Filter>Header Files\Map</Filter>
    </ClInclude>
  </ItemGroup>
</Project>